
Microsoft Visual Studio Solution File, Format Version 12.00
# Visual Studio Version 16
VisualStudioVersion = 16.0.30711.63
MinimumVisualStudioVersion = 10.0.40219.1
Project("{9A19103F-16F7-4668-BE54-9A1E7A4F7556}") = "BootstrapBlazorApi", "BootstrapBlazorApp\src\BootstrapBlazorApi\BootstrapBlazorApi.csproj", "{C4182DC3-8398-4A28-A802-C73BF7473401}"
EndProject
Project("{9A19103F-16F7-4668-BE54-9A1E7A4F7556}") = "DataLibrary", "BootstrapBlazorApp\src\DataLibrary\DataLibrary.csproj", "{0311CE41-F3D9-45C4-9664-02E779B94D77}"
EndProject
Project("{9A19103F-16F7-4668-BE54-9A1E7A4F7556}") = "BootstrapBlazorApp1.Server", "BootstrapBlazorApp1\src\BootstrapBlazorApp1.Server\BootstrapBlazorApp1.Server.csproj", "{4ACBB29F-7E6F-4AF4-AD74-0DD868372F5C}"
EndProject
Global
	GlobalSection(SolutionConfigurationPlatforms) = preSolution
		Debug|Any CPU = Debug|Any CPU
		Release|Any CPU = Release|Any CPU
	EndGlobalSection
	GlobalSection(ProjectConfigurationPlatforms) = postSolution
		{C4182DC3-8398-4A28-A802-C73BF7473401}.Debug|Any CPU.ActiveCfg = Debug|Any CPU
		{C4182DC3-8398-4A28-A802-C73BF7473401}.Debug|Any CPU.Build.0 = Debug|Any CPU
		{C4182DC3-8398-4A28-A802-C73BF7473401}.Release|Any CPU.ActiveCfg = Release|Any CPU
		{C4182DC3-8398-4A28-A802-C73BF7473401}.Release|Any CPU.Build.0 = Release|Any CPU
		{0311CE41-F3D9-45C4-9664-02E779B94D77}.Debug|Any CPU.ActiveCfg = Debug|Any CPU
		{0311CE41-F3D9-45C4-9664-02E779B94D77}.Debug|Any CPU.Build.0 = Debug|Any CPU
		{0311CE41-F3D9-45C4-9664-02E779B94D77}.Release|Any CPU.ActiveCfg = Release|Any CPU
		{0311CE41-F3D9-45C4-9664-02E779B94D77}.Release|Any CPU.Build.0 = Release|Any CPU
		{4ACBB29F-7E6F-4AF4-AD74-0DD868372F5C}.Debug|Any CPU.ActiveCfg = Debug|Any CPU
		{4ACBB29F-7E6F-4AF4-AD74-0DD868372F5C}.Debug|Any CPU.Build.0 = Debug|Any CPU
		{4ACBB29F-7E6F-4AF4-AD74-0DD868372F5C}.Release|Any CPU.ActiveCfg = Release|Any CPU
		{4ACBB29F-7E6F-4AF4-AD74-0DD868372F5C}.Release|Any CPU.Build.0 = Release|Any CPU
	EndGlobalSection
	GlobalSection(SolutionProperties) = preSolution
		HideSolutionNode = FALSE
	EndGlobalSection
	GlobalSection(ExtensibilityGlobals) = postSolution
		SolutionGuid = {DB3DA815-4958-492E-9396-30F2315F4CBE}
	EndGlobalSection
EndGlobal
